
Microsoft Visual Studio Solution File, Format Version 12.00
# Visual Studio Version 17
VisualStudioVersion = 17.9.34902.65
MinimumVisualStudioVersion = 10.0.40219.1
Project("{FAE04EC0-301F-11D3-BF4B-00C04F79EFBC}") = "Loan Orginition", "Loan Orginition.csproj", "{CACA4459-4291-4915-B934-44B6635552ED}"
EndProject
Global
	GlobalSection(SolutionConfigurationPlatforms) = preSolution
		Debug|Any CPU = Debug|Any CPU
		Release|Any CPU = Release|Any CPU
	EndGlobalSection
	GlobalSection(ProjectConfigurationPlatforms) = postSolution
		{CACA4459-4291-4915-B934-44B6635552ED}.Debug|Any CPU.ActiveCfg = Debug|Any CPU
		{CACA4459-4291-4915-B934-44B6635552ED}.Debug|Any CPU.Build.0 = Debug|Any CPU
		{CACA4459-4291-4915-B934-44B6635552ED}.Release|Any CPU.ActiveCfg = Release|Any CPU
		{CACA4459-4291-4915-B934-44B6635552ED}.Release|Any CPU.Build.0 = Release|Any CPU
	EndGlobalSection
	GlobalSection(SolutionProperties) = preSolution
		HideSolutionNode = FALSE
	EndGlobalSection
	GlobalSection(ExtensibilityGlobals) = postSolution
		SolutionGuid = {F6A3A51A-4589-4F60-A3E8-7F47FDB9527E}
	EndGlobalSection
EndGlobal
